
Microsoft Visual Studio Solution File, Format Version 12.00
# Visual Studio Version 17
VisualStudioVersion = 17.0.31903.59
MinimumVisualStudioVersion = 10.0.40219.1
Project("{9A19103F-16F7-4668-BE54-9A1E7A4F7556}") = "InterestCalculator.Services", "InterestCalculator.Services\InterestCalculator.Services.csproj", "{0A6F3144-462F-4466-864F-95ACFD5EC07B}"
EndProject
Project("{9A19103F-16F7-4668-BE54-9A1E7A4F7556}") = "InterestCalculator.Domain", "InterestCalculator.Domain\InterestCalculator.Domain.csproj", "{84564787-27A2-4486-9352-4B3F772B9D75}"
EndProject
Project("{9A19103F-16F7-4668-BE54-9A1E7A4F7556}") = "InterestCalculator.Shared", "InterestCalculator.Shared\InterestCalculator.Shared.csproj", "{4C297483-21CB-4A47-BB2A-82E4391FCBCE}"
EndProject
Project("{9A19103F-16F7-4668-BE54-9A1E7A4F7556}") = "InterestCalculator.Server", "InterestCalculator.Server\InterestCalculator.Server.csproj", "{CF5431EB-5568-4D3D-A57B-1D7C386593E5}"
EndProject
Project("{9A19103F-16F7-4668-BE54-9A1E7A4F7556}") = "InterestCalculator.Client", "InterestCalculator.Client\InterestCalculator.Client.csproj", "{725944CC-69D9-4E6D-B187-CCF1262CFEAA}"
EndProject
Global
	GlobalSection(SolutionConfigurationPlatforms) = preSolution
		Debug|Any CPU = Debug|Any CPU
		Release|Any CPU = Release|Any CPU
	EndGlobalSection
	GlobalSection(ProjectConfigurationPlatforms) = postSolution
		{0A6F3144-462F-4466-864F-95ACFD5EC07B}.Debug|Any CPU.ActiveCfg = Debug|Any CPU
		{0A6F3144-462F-4466-864F-95ACFD5EC07B}.Debug|Any CPU.Build.0 = Debug|Any CPU
		{0A6F3144-462F-4466-864F-95ACFD5EC07B}.Release|Any CPU.ActiveCfg = Release|Any CPU
		{0A6F3144-462F-4466-864F-95ACFD5EC07B}.Release|Any CPU.Build.0 = Release|Any CPU
		{84564787-27A2-4486-9352-4B3F772B9D75}.Debug|Any CPU.ActiveCfg = Debug|Any CPU
		{84564787-27A2-4486-9352-4B3F772B9D75}.Debug|Any CPU.Build.0 = Debug|Any CPU
		{84564787-27A2-4486-9352-4B3F772B9D75}.Release|Any CPU.ActiveCfg = Release|Any CPU
		{84564787-27A2-4486-9352-4B3F772B9D75}.Release|Any CPU.Build.0 = Release|Any CPU
		{4C297483-21CB-4A47-BB2A-82E4391FCBCE}.Debug|Any CPU.ActiveCfg = Debug|Any CPU
		{4C297483-21CB-4A47-BB2A-82E4391FCBCE}.Debug|Any CPU.Build.0 = Debug|Any CPU
		{4C297483-21CB-4A47-BB2A-82E4391FCBCE}.Release|Any CPU.ActiveCfg = Release|Any CPU
		{4C297483-21CB-4A47-BB2A-82E4391FCBCE}.Release|Any CPU.Build.0 = Release|Any CPU
		{CF5431EB-5568-4D3D-A57B-1D7C386593E5}.Debug|Any CPU.ActiveCfg = Debug|Any CPU
		{CF5431EB-5568-4D3D-A57B-1D7C386593E5}.Debug|Any CPU.Build.0 = Debug|Any CPU
		{CF5431EB-5568-4D3D-A57B-1D7C386593E5}.Release|Any CPU.ActiveCfg = Release|Any CPU
		{CF5431EB-5568-4D3D-A57B-1D7C386593E5}.Release|Any CPU.Build.0 = Release|Any CPU
		{725944CC-69D9-4E6D-B187-CCF1262CFEAA}.Debug|Any CPU.ActiveCfg = Debug|Any CPU
		{725944CC-69D9-4E6D-B187-CCF1262CFEAA}.Debug|Any CPU.Build.0 = Debug|Any CPU
		{725944CC-69D9-4E6D-B187-CCF1262CFEAA}.Release|Any CPU.ActiveCfg = Release|Any CPU
		{725944CC-69D9-4E6D-B187-CCF1262CFEAA}.Release|Any CPU.Build.0 = Release|Any CPU
	EndGlobalSection
	GlobalSection(SolutionProperties) = preSolution
		HideSolutionNode = FALSE
	EndGlobalSection
	GlobalSection(ExtensibilityGlobals) = postSolution
		SolutionGuid = {B83A6065-8343-4AD5-B9E2-0EADAA04AC40}
	EndGlobalSection
EndGlobal
